<?xml version="1.0" encoding="utf-8"?>
<Project ToolsVersion="4.0" xmlns="http://schemas.microsoft.com/developer/msbuild/2003">
  <ItemGroup>
    <Filter Include="Source Files">
      <UniqueIdentifier>{a46b7160-5d3b-4bd7-b624-055e599fa456}</UniqueIdentifier>
      <Extensions>cpp;c;cxx;rc;def;r;odl;idl;hpj;bat</Extensions>
    </Filter>
    <Filter Include="Header Files">
      <UniqueIdentifier>{c4da5112-fce0-42a0-b5e6-7ab9380c4e61}</UniqueIdentifier>
      <Extensions>h;hpp;hxx;hm;inl</Extensions>
    </Filter>
    <Filter Include="Resource Files">
      <UniqueIdentifier>{60c4eb93-0f50-4ea3-9da1-037fb3becac6}</UniqueIdentifier>
      <Extensions>ico;cur;bmp;dlg;rc2;rct;bin;rgs;gif;jpg;jpeg;jpe</Extensions>
    </Filter>
  </ItemGroup>
  <ItemGroup>
    <ClCompile Include="D3D9.cpp">
      <Filter>Source Files</Filter>
    </ClCompile>
    <ClCompile Include="d3dbaseTexture9.cpp">
      <Filter>Source Files</Filter>
    </ClCompile>
    <ClCompile Include="d3dCubeTexture9.cpp">
      <Filter>Source Files</Filter>
    </ClCompile>
    <ClCompile Include="d3ddevice9.cpp">
      <Filter>Source Files</Filter>
    </ClCompile>
    <ClCompile Include="d3dindexbuffer9.cpp">
      <Filter>Source Files</Filter>
    </ClCompile>
    <ClCompile Include="d3dpixelshader9.cpp">
      <Filter>Source Files</Filter>
    </ClCompile>
    <ClCompile Include="d3dquery9.cpp">
      <Filter>Source Files</Filter>
    </ClCompile>
    <ClCompile Include="d3dresource9.cpp">
      <Filter>Source Files</Filter>
    </ClCompile>
    <ClCompile Include="d3dstatblock9.cpp">
      <Filter>Source Files</Filter>
    </ClCompile>
    <ClCompile Include="d3dsurface9.cpp">
      <Filter>Source Files</Filter>
    </ClCompile>
    <ClCompile Include="d3dswapchain9.cpp">
      <Filter>Source Files</Filter>
    </ClCompile>
    <ClCompile Include="d3dtexture9.cpp">
      <Filter>Source Files</Filter>
    </ClCompile>
    <ClCompile Include="d3dvertexbuffer9.cpp">
      <Filter>Source Files</Filter>
    </ClCompile>
    <ClCompile Include="d3dvertexdeclaration9.cpp">
      <Filter>Source Files</Filter>
    </ClCompile>
    <ClCompile Include="d3dvertexshader9.cpp">
      <Filter>Source Files</Filter>
    </ClCompile>
    <ClCompile Include="d3dvolume9.cpp">
      <Filter>Source Files</Filter>
    </ClCompile>
    <ClCompile Include="d3dvolumetexture9.cpp">
      <Filter>Source Files</Filter>
    </ClCompile>
    <ClCompile Include="direct3d9.cpp">
      <Filter>Source Files</Filter>
    </ClCompile>
    <ClCompile Include="hooksys.cpp">
      <Filter>Source Files</Filter>
    </ClCompile>
    <ClCompile Include="main.cpp">
      <Filter>Source Files</Filter>
    </ClCompile>
  </ItemGroup>
  <ItemGroup>
    <ClInclude Include="Direct3D9.h">
      <Filter>Header Files</Filter>
    </ClInclude>
    <ClInclude Include="hooksys.h">
      <Filter>Header Files</Filter>
    </ClInclude>
  </ItemGroup>
  <ItemGroup>
    <Text Include="ReadMe.txt" />
  </ItemGroup>
  <ItemGroup>
    <CustomBuild Include="d3d9.def">
      <Filter>Source Files</Filter>
    </CustomBuild>
  </ItemGroup>
</Project>